
Microsoft Visual Studio Solution File, Format Version 12.00
# Visual Studio 14
VisualStudioVersion = 14.0.25123.0
MinimumVisualStudioVersion = 10.0.40219.1
Project("{FAE04EC0-301F-11D3-BF4B-00C04F79EFBC}") = "AccountsLib", "AccountsLib\AccountsLib.csproj", "{A73E2214-D4CA-4951-96CE-30BEBE7B8E85}"
EndProject
Project("{FAE04EC0-301F-11D3-BF4B-00C04F79EFBC}") = "Bank", "Bank\Bank.csproj", "{01ED7126-0AF5-4789-9651-AE62327C1150}"
EndProject
Global
	GlobalSection(SolutionConfigurationPlatforms) = preSolution
		Debug|Any CPU = Debug|Any CPU
		Release|Any CPU = Release|Any CPU
	EndGlobalSection
	GlobalSection(ProjectConfigurationPlatforms) = postSolution
		{A73E2214-D4CA-4951-96CE-30BEBE7B8E85}.Debug|Any CPU.ActiveCfg = Debug|Any CPU
		{A73E2214-D4CA-4951-96CE-30BEBE7B8E85}.Debug|Any CPU.Build.0 = Debug|Any CPU
		{A73E2214-D4CA-4951-96CE-30BEBE7B8E85}.Release|Any CPU.ActiveCfg = Release|Any CPU
		{A73E2214-D4CA-4951-96CE-30BEBE7B8E85}.Release|Any CPU.Build.0 = Release|Any CPU
		{01ED7126-0AF5-4789-9651-AE62327C1150}.Debug|Any CPU.ActiveCfg = Debug|Any CPU
		{01ED7126-0AF5-4789-9651-AE62327C1150}.Debug|Any CPU.Build.0 = Debug|Any CPU
		{01ED7126-0AF5-4789-9651-AE62327C1150}.Release|Any CPU.ActiveCfg = Release|Any CPU
		{01ED7126-0AF5-4789-9651-AE62327C1150}.Release|Any CPU.Build.0 = Release|Any CPU
	EndGlobalSection
	GlobalSection(SolutionProperties) = preSolution
		HideSolutionNode = FALSE
	EndGlobalSection
EndGlobal
